
Microsoft Visual Studio Solution File, Format Version 12.00
# Visual Studio Version 17
VisualStudioVersion = 17.1.32210.238
MinimumVisualStudioVersion = 10.0.40219.1
Project("{9A19103F-16F7-4668-BE54-9A1E7A4F7556}") = "TruckManager.Presentation", "TruckManager\Presentation\TruckManager.Presentation.csproj", "{EE5E30C9-660E-4315-A1CB-F39628767069}"
EndProject
Project("{9A19103F-16F7-4668-BE54-9A1E7A4F7556}") = "TruckManager.Application", "TruckManager\Application\TruckManager.Application.csproj", "{51E8E478-4FD4-41C8-A72F-326CCE366703}"
EndProject
Project("{9A19103F-16F7-4668-BE54-9A1E7A4F7556}") = "TruckManager.Domain", "TruckManager\Domain\TruckManager.Domain.csproj", "{0C863DCE-4E32-4669-B2D1-0E3E1DC94E38}"
EndProject
Project("{9A19103F-16F7-4668-BE54-9A1E7A4F7556}") = "TruckManager.Infrastructure", "TruckManager\Infrastructure\TruckManager.Infrastructure.csproj", "{A0CB7EEC-2959-45B5-882F-6E9FA91191F4}"
EndProject
Project("{2150E333-8FDC-42A3-9474-1A3956D46DE8}") = "1 - Presentation", "1 - Presentation", "{BBC74ACB-DEFC-45DA-81BF-36C7F5B82866}"
EndProject
Project("{2150E333-8FDC-42A3-9474-1A3956D46DE8}") = "2 - Application", "2 - Application", "{451D29C6-000A-4440-894B-58003873D58D}"
EndProject
Project("{2150E333-8FDC-42A3-9474-1A3956D46DE8}") = "3 - Domain", "3 - Domain", "{4937DB7F-6870-43F0-B1C1-7DC66F721801}"
EndProject
Project("{2150E333-8FDC-42A3-9474-1A3956D46DE8}") = "4 - Infrastructure", "4 - Infrastructure", "{97DF3B2D-4514-444D-8EC8-E10F19315F40}"
EndProject
Project("{2150E333-8FDC-42A3-9474-1A3956D46DE8}") = "5 - Test", "5 - Test", "{0441480C-7253-4DBC-BB89-80B98DB5AF7E}"
EndProject
Project("{FAE04EC0-301F-11D3-BF4B-00C04F79EFBC}") = "TruckManager.Test", "TruckManager.Test\TruckManager.Test.csproj", "{672E6280-ECF1-4F7B-B797-9E5CE467438F}"
EndProject
Global
	GlobalSection(SolutionConfigurationPlatforms) = preSolution
		Debug|Any CPU = Debug|Any CPU
		Release|Any CPU = Release|Any CPU
	EndGlobalSection
	GlobalSection(ProjectConfigurationPlatforms) = postSolution
		{EE5E30C9-660E-4315-A1CB-F39628767069}.Debug|Any CPU.ActiveCfg = Debug|Any CPU
		{EE5E30C9-660E-4315-A1CB-F39628767069}.Debug|Any CPU.Build.0 = Debug|Any CPU
		{EE5E30C9-660E-4315-A1CB-F39628767069}.Release|Any CPU.ActiveCfg = Release|Any CPU
		{EE5E30C9-660E-4315-A1CB-F39628767069}.Release|Any CPU.Build.0 = Release|Any CPU
		{51E8E478-4FD4-41C8-A72F-326CCE366703}.Debug|Any CPU.ActiveCfg = Debug|Any CPU
		{51E8E478-4FD4-41C8-A72F-326CCE366703}.Debug|Any CPU.Build.0 = Debug|Any CPU
		{51E8E478-4FD4-41C8-A72F-326CCE366703}.Release|Any CPU.ActiveCfg = Release|Any CPU
		{51E8E478-4FD4-41C8-A72F-326CCE366703}.Release|Any CPU.Build.0 = Release|Any CPU
		{0C863DCE-4E32-4669-B2D1-0E3E1DC94E38}.Debug|Any CPU.ActiveCfg = Debug|Any CPU
		{0C863DCE-4E32-4669-B2D1-0E3E1DC94E38}.Debug|Any CPU.Build.0 = Debug|Any CPU
		{0C863DCE-4E32-4669-B2D1-0E3E1DC94E38}.Release|Any CPU.ActiveCfg = Release|Any CPU
		{0C863DCE-4E32-4669-B2D1-0E3E1DC94E38}.Release|Any CPU.Build.0 = Release|Any CPU
		{A0CB7EEC-2959-45B5-882F-6E9FA91191F4}.Debug|Any CPU.ActiveCfg = Debug|Any CPU
		{A0CB7EEC-2959-45B5-882F-6E9FA91191F4}.Debug|Any CPU.Build.0 = Debug|Any CPU
		{A0CB7EEC-2959-45B5-882F-6E9FA91191F4}.Release|Any CPU.ActiveCfg = Release|Any CPU
		{A0CB7EEC-2959-45B5-882F-6E9FA91191F4}.Release|Any CPU.Build.0 = Release|Any CPU
		{672E6280-ECF1-4F7B-B797-9E5CE467438F}.Debug|Any CPU.ActiveCfg = Debug|Any CPU
		{672E6280-ECF1-4F7B-B797-9E5CE467438F}.Debug|Any CPU.Build.0 = Debug|Any CPU
		{672E6280-ECF1-4F7B-B797-9E5CE467438F}.Release|Any CPU.ActiveCfg = Release|Any CPU
		{672E6280-ECF1-4F7B-B797-9E5CE467438F}.Release|Any CPU.Build.0 = Release|Any CPU
	EndGlobalSection
	GlobalSection(SolutionProperties) = preSolution
		HideSolutionNode = FALSE
	EndGlobalSection
	GlobalSection(NestedProjects) = preSolution
		{EE5E30C9-660E-4315-A1CB-F39628767069} = {BBC74ACB-DEFC-45DA-81BF-36C7F5B82866}
		{51E8E478-4FD4-41C8-A72F-326CCE366703} = {451D29C6-000A-4440-894B-58003873D58D}
		{0C863DCE-4E32-4669-B2D1-0E3E1DC94E38} = {4937DB7F-6870-43F0-B1C1-7DC66F721801}
		{A0CB7EEC-2959-45B5-882F-6E9FA91191F4} = {97DF3B2D-4514-444D-8EC8-E10F19315F40}
		{672E6280-ECF1-4F7B-B797-9E5CE467438F} = {0441480C-7253-4DBC-BB89-80B98DB5AF7E}
	EndGlobalSection
	GlobalSection(ExtensibilityGlobals) = postSolution
		SolutionGuid = {5E1D8A83-0001-4DB3-B440-BB241A7E6C50}
	EndGlobalSection
EndGlobal
